
Microsoft Visual Studio Solution File, Format Version 12.00
# Visual Studio 15
VisualStudioVersion = 15.0.28307.645
MinimumVisualStudioVersion = 10.0.40219.1
Project("{FAE04EC0-301F-11D3-BF4B-00C04F79EFBC}") = "DeviceConnector.Service", "DeviceConnector.Service\DeviceConnector.Service.csproj", "{894DD010-EF0A-4F2A-BCD8-BD0C66670FC4}"
EndProject
Project("{FAE04EC0-301F-11D3-BF4B-00C04F79EFBC}") = "DeviceConnector.Client", "DeviceConnector.Client\DeviceConnector.Client.csproj", "{0F56EDA9-CF7F-4C49-A67B-3FCD434D4902}"
EndProject
Project("{FAE04EC0-301F-11D3-BF4B-00C04F79EFBC}") = "DeviceConnector.Core", "DeviceConnector.Core\DeviceConnector.Core.csproj", "{EEED6F20-A371-44F6-84BF-8950DB4C891C}"
EndProject
Project("{2150E333-8FDC-42A3-9474-1A3956D46DE8}") = "Devices", "Devices", "{D0ABD810-4BD6-490D-92A3-9867541ADFCF}"
EndProject
Project("{2150E333-8FDC-42A3-9474-1A3956D46DE8}") = "Connectors", "Connectors", "{77875011-CFDE-4965-8F30-63CAE05C1B11}"
EndProject
Project("{FAE04EC0-301F-11D3-BF4B-00C04F79EFBC}") = "DeviceConnector.Helper", "DeviceConnector.Helper\DeviceConnector.Helper.csproj", "{AD818ABB-3125-440E-9D89-76D5AF89DD8C}"
EndProject
Project("{FAE04EC0-301F-11D3-BF4B-00C04F79EFBC}") = "DeviceConnector.Connectors", "DeviceConnector.Connectors\DeviceConnector.Connectors.csproj", "{82870423-61A6-468D-9790-DF5CEBE72008}"
EndProject
Project("{FAE04EC0-301F-11D3-BF4B-00C04F79EFBC}") = "DeviceConnector.Devices", "DeviceConnector.Devices\DeviceConnector.Devices.csproj", "{08E5721B-A426-4E61-B8F7-60D069F387B3}"
EndProject
Global
	GlobalSection(SolutionConfigurationPlatforms) = preSolution
		Debug|Any CPU = Debug|Any CPU
		Release|Any CPU = Release|Any CPU
	EndGlobalSection
	GlobalSection(ProjectConfigurationPlatforms) = postSolution
		{894DD010-EF0A-4F2A-BCD8-BD0C66670FC4}.Debug|Any CPU.ActiveCfg = Debug|Any CPU
		{894DD010-EF0A-4F2A-BCD8-BD0C66670FC4}.Debug|Any CPU.Build.0 = Debug|Any CPU
		{894DD010-EF0A-4F2A-BCD8-BD0C66670FC4}.Release|Any CPU.ActiveCfg = Release|Any CPU
		{894DD010-EF0A-4F2A-BCD8-BD0C66670FC4}.Release|Any CPU.Build.0 = Release|Any CPU
		{0F56EDA9-CF7F-4C49-A67B-3FCD434D4902}.Debug|Any CPU.ActiveCfg = Debug|Any CPU
		{0F56EDA9-CF7F-4C49-A67B-3FCD434D4902}.Debug|Any CPU.Build.0 = Debug|Any CPU
		{0F56EDA9-CF7F-4C49-A67B-3FCD434D4902}.Release|Any CPU.ActiveCfg = Release|Any CPU
		{0F56EDA9-CF7F-4C49-A67B-3FCD434D4902}.Release|Any CPU.Build.0 = Release|Any CPU
		{EEED6F20-A371-44F6-84BF-8950DB4C891C}.Debug|Any CPU.ActiveCfg = Debug|Any CPU
		{EEED6F20-A371-44F6-84BF-8950DB4C891C}.Debug|Any CPU.Build.0 = Debug|Any CPU
		{EEED6F20-A371-44F6-84BF-8950DB4C891C}.Release|Any CPU.ActiveCfg = Release|Any CPU
		{EEED6F20-A371-44F6-84BF-8950DB4C891C}.Release|Any CPU.Build.0 = Release|Any CPU
		{AD818ABB-3125-440E-9D89-76D5AF89DD8C}.Debug|Any CPU.ActiveCfg = Debug|Any CPU
		{AD818ABB-3125-440E-9D89-76D5AF89DD8C}.Debug|Any CPU.Build.0 = Debug|Any CPU
		{AD818ABB-3125-440E-9D89-76D5AF89DD8C}.Release|Any CPU.ActiveCfg = Release|Any CPU
		{AD818ABB-3125-440E-9D89-76D5AF89DD8C}.Release|Any CPU.Build.0 = Release|Any CPU
		{82870423-61A6-468D-9790-DF5CEBE72008}.Debug|Any CPU.ActiveCfg = Debug|Any CPU
		{82870423-61A6-468D-9790-DF5CEBE72008}.Debug|Any CPU.Build.0 = Debug|Any CPU
		{82870423-61A6-468D-9790-DF5CEBE72008}.Release|Any CPU.ActiveCfg = Release|Any CPU
		{82870423-61A6-468D-9790-DF5CEBE72008}.Release|Any CPU.Build.0 = Release|Any CPU
		{08E5721B-A426-4E61-B8F7-60D069F387B3}.Debug|Any CPU.ActiveCfg = Debug|Any CPU
		{08E5721B-A426-4E61-B8F7-60D069F387B3}.Debug|Any CPU.Build.0 = Debug|Any CPU
		{08E5721B-A426-4E61-B8F7-60D069F387B3}.Release|Any CPU.ActiveCfg = Release|Any CPU
		{08E5721B-A426-4E61-B8F7-60D069F387B3}.Release|Any CPU.Build.0 = Release|Any CPU
	EndGlobalSection
	GlobalSection(SolutionProperties) = preSolution
		HideSolutionNode = FALSE
	EndGlobalSection
	GlobalSection(NestedProjects) = preSolution
		{82870423-61A6-468D-9790-DF5CEBE72008} = {77875011-CFDE-4965-8F30-63CAE05C1B11}
		{08E5721B-A426-4E61-B8F7-60D069F387B3} = {D0ABD810-4BD6-490D-92A3-9867541ADFCF}
	EndGlobalSection
	GlobalSection(ExtensibilityGlobals) = postSolution
		SolutionGuid = {3D68478D-C494-453A-83D5-2E1FD0E15019}
	EndGlobalSection
EndGlobal
